
Microsoft Visual Studio Solution File, Format Version 11.00
# Visual Studio 2010
Project("{FAE04EC0-301F-11D3-BF4B-00C04F79EFBC}") = "Assembly-CSharp", "Assembly-CSharp.csproj", "{26813089-0e18-2f43-11fc-41620742a27c}"
EndProject
Project("{FAE04EC0-301F-11D3-BF4B-00C04F79EFBC}") = "Assembly-CSharp-Editor", "Assembly-CSharp-Editor.csproj", "{009e8d1c-abc9-0ac5-fd62-3ab0183998cb}"
EndProject
Global
	GlobalSection(SolutionConfigurationPlatforms) = preSolution
		Debug|Any CPU = Debug|Any CPU
	EndGlobalSection
	GlobalSection(ProjectConfigurationPlatforms) = postSolution
		{26813089-0e18-2f43-11fc-41620742a27c}.Debug|Any CPU.ActiveCfg = Debug|Any CPU
		{26813089-0e18-2f43-11fc-41620742a27c}.Debug|Any CPU.Build.0 = Debug|Any CPU
		{009e8d1c-abc9-0ac5-fd62-3ab0183998cb}.Debug|Any CPU.ActiveCfg = Debug|Any CPU
		{009e8d1c-abc9-0ac5-fd62-3ab0183998cb}.Debug|Any CPU.Build.0 = Debug|Any CPU
	EndGlobalSection
	GlobalSection(SolutionProperties) = preSolution
		HideSolutionNode = FALSE
	EndGlobalSection
EndGlobal
